// !$*UTF8*$!
{
	archiveVersion = 1;
	classes = {
	};
	objectVersion = 46;
	objects = {

/* Begin PBXBuildFile section */
		5708335B17A5D57A002478C1 /* coordinate.m in Sources */ = {isa = PBXBuildFile; fileRef = 5708335217A5D57A002478C1 /* coordinate.m */; };
		5708335C17A5D57A002478C1 /* CylindricalProjection.m in Sources */ = {isa = PBXBuildFile; fileRef = 5708335417A5D57A002478C1 /* CylindricalProjection.m */; };
		5708335D17A5D57A002478C1 /* Stitcher.m in Sources */ = {isa = PBXBuildFile; fileRef = 5708335617A5D57A002478C1 /* Stitcher.m */; };
		5708335E17A5D57A002478C1 /* UIImageConverter.m in Sources */ = {isa = PBXBuildFile; fileRef = 5708335817A5D57A002478C1 /* UIImageConverter.m */; };
		5708335F17A5D57A002478C1 /* UIImagePruner.m in Sources */ = {isa = PBXBuildFile; fileRef = 5708335A17A5D57A002478C1 /* UIImagePruner.m */; };
		5708336217A5D68A002478C1 /* RANSAC.m in Sources */ = {isa = PBXBuildFile; fileRef = 5708336117A5D68A002478C1 /* RANSAC.m */; };
		570D05BC17AB330A005C69DB /* icon_settings.png in Resources */ = {isa = PBXBuildFile; fileRef = 570D05BB17AB330A005C69DB /* icon_settings.png */; };
		570EEBA217912952006B4205 /* Match.m in Sources */ = {isa = PBXBuildFile; fileRef = 570EEBA117912952006B4205 /* Match.m */; };
		57226F79178A2A1300189CE5 /* FFT.m in Sources */ = {isa = PBXBuildFile; fileRef = 57226F78178A2A1300189CE5 /* FFT.m */; };
		57226F7C178A312600189CE5 /* Complex.m in Sources */ = {isa = PBXBuildFile; fileRef = 57226F7B178A312600189CE5 /* Complex.m */; };
		57226F7F178A5B6300189CE5 /* ComplexMatrix.m in Sources */ = {isa = PBXBuildFile; fileRef = 57226F7E178A5B6300189CE5 /* ComplexMatrix.m */; };
		572E04311788D315001FAFCF /* KeypointVector.m in Sources */ = {isa = PBXBuildFile; fileRef = 572E04301788D315001FAFCF /* KeypointVector.m */; };
		572E043417890ED7001FAFCF /* SIFT.m in Sources */ = {isa = PBXBuildFile; fileRef = 572E043317890ED7001FAFCF /* SIFT.m */; };
		573223D317A33C0D00671CAA /* StitchViewController.m in Sources */ = {isa = PBXBuildFile; fileRef = 573223D217A33C0D00671CAA /* StitchViewController.m */; };
		573223D717A33C6000671CAA /* StitchView.xib in Resources */ = {isa = PBXBuildFile; fileRef = 573223D617A33C6000671CAA /* StitchView.xib */; };
		573223DF17A35D9600671CAA /* QuartzCore.framework in Frameworks */ = {isa = PBXBuildFile; fileRef = 573223DD17A35D8600671CAA /* QuartzCore.framework */; };
		573223E817A36A2700671CAA /* lena512color.png in Resources */ = {isa = PBXBuildFile; fileRef = 573223E717A36A2700671CAA /* lena512color.png */; };
		573223EA17A36B5500671CAA /* album.png in Resources */ = {isa = PBXBuildFile; fileRef = 573223E917A36B5500671CAA /* album.png */; };
		575FCC1017A463AA00747517 /* GaussianElimination.m in Sources */ = {isa = PBXBuildFile; fileRef = 575FCC0F17A463AA00747517 /* GaussianElimination.m */; };
		575FCC1417A46A5500747517 /* Homography.m in Sources */ = {isa = PBXBuildFile; fileRef = 575FCC1317A46A5500747517 /* Homography.m */; };
		576ADD88178BB47300EB28CE /* Derivative.m in Sources */ = {isa = PBXBuildFile; fileRef = 576ADD87178BB47300EB28CE /* Derivative.m */; };
		57770A4A1787D59A00A22147 /* UIKit.framework in Frameworks */ = {isa = PBXBuildFile; fileRef = 57770A491787D59A00A22147 /* UIKit.framework */; };
		57770A4C1787D59A00A22147 /* Foundation.framework in Frameworks */ = {isa = PBXBuildFile; fileRef = 57770A4B1787D59A00A22147 /* Foundation.framework */; };
		57770A4E1787D59A00A22147 /* CoreGraphics.framework in Frameworks */ = {isa = PBXBuildFile; fileRef = 57770A4D1787D59A00A22147 /* CoreGraphics.framework */; };
		57770A541787D59A00A22147 /* InfoPlist.strings in Resources */ = {isa = PBXBuildFile; fileRef = 57770A521787D59A00A22147 /* InfoPlist.strings */; };
		57770A561787D59A00A22147 /* main.m in Sources */ = {isa = PBXBuildFile; fileRef = 57770A551787D59A00A22147 /* main.m */; };
		57770A5A1787D59A00A22147 /* AppDelegate.m in Sources */ = {isa = PBXBuildFile; fileRef = 57770A591787D59A00A22147 /* AppDelegate.m */; };
		57770A5C1787D59A00A22147 /* Default.png in Resources */ = {isa = PBXBuildFile; fileRef = 57770A5B1787D59A00A22147 /* Default.png */; };
		57770A5E1787D59A00A22147 /* Default@2x.png in Resources */ = {isa = PBXBuildFile; fileRef = 57770A5D1787D59A00A22147 /* Default@2x.png */; };
		57770A601787D59A00A22147 /* Default-568h@2x.png in Resources */ = {isa = PBXBuildFile; fileRef = 57770A5F1787D59A00A22147 /* Default-568h@2x.png */; };
		57770A631787D59A00A22147 /* ViewController.m in Sources */ = {isa = PBXBuildFile; fileRef = 57770A621787D59A00A22147 /* ViewController.m */; };
		57770A9B1787D68D00A22147 /* ImageMatrix.m in Sources */ = {isa = PBXBuildFile; fileRef = 57770A9A1787D68D00A22147 /* ImageMatrix.m */; };
		57770A9E1787D6A700A22147 /* ImageConverter.m in Sources */ = {isa = PBXBuildFile; fileRef = 57770A9D1787D6A700A22147 /* ImageConverter.m */; };
		57770AA11787D6BE00A22147 /* Pyramid.m in Sources */ = {isa = PBXBuildFile; fileRef = 57770AA01787D6BE00A22147 /* Pyramid.m */; };
		57770AA41787D6D400A22147 /* Filter.m in Sources */ = {isa = PBXBuildFile; fileRef = 57770AA31787D6D400A22147 /* Filter.m */; };
		5784A42A17A72E2200A6D36E /* ViewController_iPad.m in Sources */ = {isa = PBXBuildFile; fileRef = 5784A42917A72E2200A6D36E /* ViewController_iPad.m */; };
		5784A42C17A72FB900A6D36E /* MainView_iPad.xib in Resources */ = {isa = PBXBuildFile; fileRef = 5784A42B17A72FB900A6D36E /* MainView_iPad.xib */; };
		5789FA5D17A8589C00D08A6F /* StitchViewController_iPad.m in Sources */ = {isa = PBXBuildFile; fileRef = 5789FA5B17A8589C00D08A6F /* StitchViewController_iPad.m */; };
		5789FA5E17A8589C00D08A6F /* StitchView_iPad.xib in Resources */ = {isa = PBXBuildFile; fileRef = 5789FA5C17A8589C00D08A6F /* StitchView_iPad.xib */; };
		5789FA6017A85A8E00D08A6F /* Background.jpg in Resources */ = {isa = PBXBuildFile; fileRef = 5789FA5F17A85A8E00D08A6F /* Background.jpg */; };
		5789FA6417A9B0B200D08A6F /* FeaturesViewController_iPad.m in Sources */ = {isa = PBXBuildFile; fileRef = 5789FA6217A9B0B200D08A6F /* FeaturesViewController_iPad.m */; };
		5789FA6517A9B0B200D08A6F /* FeaturesView_iPad.xib in Resources */ = {isa = PBXBuildFile; fileRef = 5789FA6317A9B0B200D08A6F /* FeaturesView_iPad.xib */; };
		5789FA6917A9B0D300D08A6F /* MatchViewController_iPad.m in Sources */ = {isa = PBXBuildFile; fileRef = 5789FA6717A9B0D300D08A6F /* MatchViewController_iPad.m */; };
		5789FA6A17A9B0D300D08A6F /* MatchView_iPad.xib in Resources */ = {isa = PBXBuildFile; fileRef = 5789FA6817A9B0D300D08A6F /* MatchView_iPad.xib */; };
		5789FA6C17A9B3B700D08A6F /* MainView.xib in Resources */ = {isa = PBXBuildFile; fileRef = 5789FA6B17A9B3B700D08A6F /* MainView.xib */; };
		57CC59EE1787E3400033B048 /* Keypoint.m in Sources */ = {isa = PBXBuildFile; fileRef = 57CC59ED1787E3400033B048 /* Keypoint.m */; };
		57CC9CF317AB7627005FA0CD /* SettingsViewController_iPad.m in Sources */ = {isa = PBXBuildFile; fileRef = 57CC9CF117AB7627005FA0CD /* SettingsViewController_iPad.m */; };
		57CC9CF417AB7627005FA0CD /* SettingsView_iPad.xib in Resources */ = {isa = PBXBuildFile; fileRef = 57CC9CF217AB7627005FA0CD /* SettingsView_iPad.xib */; };
/* End PBXBuildFile section */

/* Begin PBXFileReference section */
		5708335117A5D57A002478C1 /* coordinate.h */ = {isa = PBXFileReference; fileEncoding = 4; lastKnownFileType = sourcecode.c.h; path = coordinate.h; sourceTree = "<group>"; };
		5708335217A5D57A002478C1 /* coordinate.m */ = {isa = PBXFileReference; fileEncoding = 4; lastKnownFileType = sourcecode.c.objc; path = coordinate.m; sourceTree = "<group>"; };
		5708335317A5D57A002478C1 /* CylindricalProjection.h */ = {isa = PBXFileReference; fileEncoding = 4; lastKnownFileType = sourcecode.c.h; path = CylindricalProjection.h; sourceTree = "<group>"; };
		5708335417A5D57A002478C1 /* CylindricalProjection.m */ = {isa = PBXFileReference; fileEncoding = 4; lastKnownFileType = sourcecode.c.objc; path = CylindricalProjection.m; sourceTree = "<group>"; };
		5708335517A5D57A002478C1 /* Stitcher.h */ = {isa = PBXFileReference; fileEncoding = 4; lastKnownFileType = sourcecode.c.h; path = Stitcher.h; sourceTree = "<group>"; };
		5708335617A5D57A002478C1 /* Stitcher.m */ = {isa = PBXFileReference; fileEncoding = 4; lastKnownFileType = sourcecode.c.objc; path = Stitcher.m; sourceTree = "<group>"; };
		5708335717A5D57A002478C1 /* UIImageConverter.h */ = {isa = PBXFileReference; fileEncoding = 4; lastKnownFileType = sourcecode.c.h; path = UIImageConverter.h; sourceTree = "<group>"; };
		5708335817A5D57A002478C1 /* UIImageConverter.m */ = {isa = PBXFileReference; fileEncoding = 4; lastKnownFileType = sourcecode.c.objc; path = UIImageConverter.m; sourceTree = "<group>"; };
		5708335917A5D57A002478C1 /* UIImagePruner.h */ = {isa = PBXFileReference; fileEncoding = 4; lastKnownFileType = sourcecode.c.h; path = UIImagePruner.h; sourceTree = "<group>"; };
		5708335A17A5D57A002478C1 /* UIImagePruner.m */ = {isa = PBXFileReference; fileEncoding = 4; lastKnownFileType = sourcecode.c.objc; path = UIImagePruner.m; sourceTree = "<group>"; };
		5708336017A5D68A002478C1 /* RANSAC.h */ = {isa = PBXFileReference; fileEncoding = 4; lastKnownFileType = sourcecode.c.h; path = RANSAC.h; sourceTree = "<group>"; };
		5708336117A5D68A002478C1 /* RANSAC.m */ = {isa = PBXFileReference; fileEncoding = 4; lastKnownFileType = sourcecode.c.objc; path = RANSAC.m; sourceTree = "<group>"; };
		570D05BB17AB330A005C69DB /* icon_settings.png */ = {isa = PBXFileReference; lastKnownFileType = image.png; path = icon_settings.png; sourceTree = "<group>"; };
		570EEBA017912952006B4205 /* Match.h */ = {isa = PBXFileReference; fileEncoding = 4; lastKnownFileType = sourcecode.c.h; path = Match.h; sourceTree = "<group>"; };
		570EEBA117912952006B4205 /* Match.m */ = {isa = PBXFileReference; fileEncoding = 4; lastKnownFileType = sourcecode.c.objc; path = Match.m; sourceTree = "<group>"; };
		57226F77178A2A1300189CE5 /* FFT.h */ = {isa = PBXFileReference; fileEncoding = 4; lastKnownFileType = sourcecode.c.h; path = FFT.h; sourceTree = "<group>"; };
		57226F78178A2A1300189CE5 /* FFT.m */ = {isa = PBXFileReference; fileEncoding = 4; lastKnownFileType = sourcecode.c.objc; path = FFT.m; sourceTree = "<group>"; };
		57226F7A178A312600189CE5 /* Complex.h */ = {isa = PBXFileReference; fileEncoding = 4; lastKnownFileType = sourcecode.c.h; path = Complex.h; sourceTree = "<group>"; };
		57226F7B178A312600189CE5 /* Complex.m */ = {isa = PBXFileReference; fileEncoding = 4; lastKnownFileType = sourcecode.c.objc; path = Complex.m; sourceTree = "<group>"; };
		57226F7D178A5B6300189CE5 /* ComplexMatrix.h */ = {isa = PBXFileReference; fileEncoding = 4; lastKnownFileType = sourcecode.c.h; path = ComplexMatrix.h; sourceTree = "<group>"; };
		57226F7E178A5B6300189CE5 /* ComplexMatrix.m */ = {isa = PBXFileReference; fileEncoding = 4; lastKnownFileType = sourcecode.c.objc; path = ComplexMatrix.m; sourceTree = "<group>"; };
		572E042F1788D315001FAFCF /* KeypointVector.h */ = {isa = PBXFileReference; fileEncoding = 4; lastKnownFileType = sourcecode.c.h; path = KeypointVector.h; sourceTree = "<group>"; };
		572E04301788D315001FAFCF /* KeypointVector.m */ = {isa = PBXFileReference; fileEncoding = 4; lastKnownFileType = sourcecode.c.objc; path = KeypointVector.m; sourceTree = "<group>"; };
		572E043217890ED7001FAFCF /* SIFT.h */ = {isa = PBXFileReference; fileEncoding = 4; lastKnownFileType = sourcecode.c.h; path = SIFT.h; sourceTree = "<group>"; };
		572E043317890ED7001FAFCF /* SIFT.m */ = {isa = PBXFileReference; fileEncoding = 4; lastKnownFileType = sourcecode.c.objc; path = SIFT.m; sourceTree = "<group>"; };
		573223D117A33C0D00671CAA /* StitchViewController.h */ = {isa = PBXFileReference; fileEncoding = 4; lastKnownFileType = sourcecode.c.h; path = StitchViewController.h; sourceTree = "<group>"; };
		573223D217A33C0D00671CAA /* StitchViewController.m */ = {isa = PBXFileReference; fileEncoding = 4; lastKnownFileType = sourcecode.c.objc; path = StitchViewController.m; sourceTree = "<group>"; };
		573223D617A33C6000671CAA /* StitchView.xib */ = {isa = PBXFileReference; fileEncoding = 4; lastKnownFileType = file.xib; path = StitchView.xib; sourceTree = "<group>"; };
		573223DD17A35D8600671CAA /* QuartzCore.framework */ = {isa = PBXFileReference; lastKnownFileType = wrapper.framework; name = QuartzCore.framework; path = System/Library/Frameworks/QuartzCore.framework; sourceTree = SDKROOT; };
		573223E317A369CF00671CAA /* lena512color.png */ = {isa = PBXFileReference; lastKnownFileType = image.png; name = lena512color.png; path = resources/lena512color.png; sourceTree = "<group>"; };
		573223E717A36A2700671CAA /* lena512color.png */ = {isa = PBXFileReference; lastKnownFileType = image.png; path = lena512color.png; sourceTree = "<group>"; };
		573223E917A36B5500671CAA /* album.png */ = {isa = PBXFileReference; lastKnownFileType = image.png; name = album.png; path = resources/album.png; sourceTree = "<group>"; };
		575FCC0E17A463AA00747517 /* GaussianElimination.h */ = {isa = PBXFileReference; fileEncoding = 4; lastKnownFileType = sourcecode.c.h; path = GaussianElimination.h; sourceTree = "<group>"; };
		575FCC0F17A463AA00747517 /* GaussianElimination.m */ = {isa = PBXFileReference; fileEncoding = 4; lastKnownFileType = sourcecode.c.objc; path = GaussianElimination.m; sourceTree = "<group>"; };
		575FCC1217A46A5500747517 /* Homography.h */ = {isa = PBXFileReference; fileEncoding = 4; lastKnownFileType = sourcecode.c.h; path = Homography.h; sourceTree = "<group>"; };
		575FCC1317A46A5500747517 /* Homography.m */ = {isa = PBXFileReference; fileEncoding = 4; lastKnownFileType = sourcecode.c.objc; path = Homography.m; sourceTree = "<group>"; };
		576ADD86178BB47300EB28CE /* Derivative.h */ = {isa = PBXFileReference; fileEncoding = 4; lastKnownFileType = sourcecode.c.h; path = Derivative.h; sourceTree = "<group>"; };
		576ADD87178BB47300EB28CE /* Derivative.m */ = {isa = PBXFileReference; fileEncoding = 4; lastKnownFileType = sourcecode.c.objc; path = Derivative.m; sourceTree = "<group>"; };
		57770A461787D59A00A22147 /* StitchMan.app */ = {isa = PBXFileReference; explicitFileType = wrapper.application; includeInIndex = 0; path = StitchMan.app; sourceTree = BUILT_PRODUCTS_DIR; };
		57770A491787D59A00A22147 /* UIKit.framework */ = {isa = PBXFileReference; lastKnownFileType = wrapper.framework; name = UIKit.framework; path = System/Library/Frameworks/UIKit.framework; sourceTree = SDKROOT; };
		57770A4B1787D59A00A22147 /* Foundation.framework */ = {isa = PBXFileReference; lastKnownFileType = wrapper.framework; name = Foundation.framework; path = System/Library/Frameworks/Foundation.framework; sourceTree = SDKROOT; };
		57770A4D1787D59A00A22147 /* CoreGraphics.framework */ = {isa = PBXFileReference; lastKnownFileType = wrapper.framework; name = CoreGraphics.framework; path = System/Library/Frameworks/CoreGraphics.framework; sourceTree = SDKROOT; };
		57770A511787D59A00A22147 /* StitchMan-Info.plist */ = {isa = PBXFileReference; lastKnownFileType = text.plist.xml; path = "StitchMan-Info.plist"; sourceTree = "<group>"; };
		57770A531787D59A00A22147 /* en */ = {isa = PBXFileReference; lastKnownFileType = text.plist.strings; name = en; path = en.lproj/InfoPlist.strings; sourceTree = "<group>"; };
		57770A551787D59A00A22147 /* main.m */ = {isa = PBXFileReference; lastKnownFileType = sourcecode.c.objc; path = main.m; sourceTree = "<group>"; };
		57770A571787D59A00A22147 /* StitchMan-Prefix.pch */ = {isa = PBXFileReference; lastKnownFileType = sourcecode.c.h; path = "StitchMan-Prefix.pch"; sourceTree = "<group>"; };
		57770A581787D59A00A22147 /* AppDelegate.h */ = {isa = PBXFileReference; lastKnownFileType = sourcecode.c.h; path = AppDelegate.h; sourceTree = "<group>"; };
		57770A591787D59A00A22147 /* AppDelegate.m */ = {isa = PBXFileReference; lastKnownFileType = sourcecode.c.objc; path = AppDelegate.m; sourceTree = "<group>"; };
		57770A5B1787D59A00A22147 /* Default.png */ = {isa = PBXFileReference; lastKnownFileType = image.png; path = Default.png; sourceTree = "<group>"; };
		57770A5D1787D59A00A22147 /* Default@2x.png */ = {isa = PBXFileReference; lastKnownFileType = image.png; path = "Default@2x.png"; sourceTree = "<group>"; };
		57770A5F1787D59A00A22147 /* Default-568h@2x.png */ = {isa = PBXFileReference; lastKnownFileType = image.png; path = "Default-568h@2x.png"; sourceTree = "<group>"; };
		57770A611787D59A00A22147 /* ViewController.h */ = {isa = PBXFileReference; lastKnownFileType = sourcecode.c.h; path = ViewController.h; sourceTree = "<group>"; };
		57770A621787D59A00A22147 /* ViewController.m */ = {isa = PBXFileReference; lastKnownFileType = sourcecode.c.objc; path = ViewController.m; sourceTree = "<group>"; };
		57770A991787D68D00A22147 /* ImageMatrix.h */ = {isa = PBXFileReference; fileEncoding = 4; lastKnownFileType = sourcecode.c.h; path = ImageMatrix.h; sourceTree = "<group>"; };
		57770A9A1787D68D00A22147 /* ImageMatrix.m */ = {isa = PBXFileReference; fileEncoding = 4; lastKnownFileType = sourcecode.c.objc; path = ImageMatrix.m; sourceTree = "<group>"; };
		57770A9C1787D6A700A22147 /* ImageConverter.h */ = {isa = PBXFileReference; fileEncoding = 4; lastKnownFileType = sourcecode.c.h; path = ImageConverter.h; sourceTree = "<group>"; };
		57770A9D1787D6A700A22147 /* ImageConverter.m */ = {isa = PBXFileReference; fileEncoding = 4; lastKnownFileType = sourcecode.c.objc; path = ImageConverter.m; sourceTree = "<group>"; };
		57770A9F1787D6BE00A22147 /* Pyramid.h */ = {isa = PBXFileReference; fileEncoding = 4; lastKnownFileType = sourcecode.c.h; path = Pyramid.h; sourceTree = "<group>"; };
		57770AA01787D6BE00A22147 /* Pyramid.m */ = {isa = PBXFileReference; fileEncoding = 4; lastKnownFileType = sourcecode.c.objc; path = Pyramid.m; sourceTree = "<group>"; };
		57770AA21787D6D400A22147 /* Filter.h */ = {isa = PBXFileReference; fileEncoding = 4; lastKnownFileType = sourcecode.c.h; path = Filter.h; sourceTree = "<group>"; };
		57770AA31787D6D400A22147 /* Filter.m */ = {isa = PBXFileReference; fileEncoding = 4; lastKnownFileType = sourcecode.c.objc; path = Filter.m; sourceTree = "<group>"; };
		5784A42817A72E2200A6D36E /* ViewController_iPad.h */ = {isa = PBXFileReference; fileEncoding = 4; lastKnownFileType = sourcecode.c.h; path = ViewController_iPad.h; sourceTree = "<group>"; };
		5784A42917A72E2200A6D36E /* ViewController_iPad.m */ = {isa = PBXFileReference; fileEncoding = 4; lastKnownFileType = sourcecode.c.objc; path = ViewController_iPad.m; sourceTree = "<group>"; };
		5784A42B17A72FB900A6D36E /* MainView_iPad.xib */ = {isa = PBXFileReference; fileEncoding = 4; lastKnownFileType = file.xib; path = MainView_iPad.xib; sourceTree = "<group>"; };
		5789FA5A17A8589C00D08A6F /* StitchViewController_iPad.h */ = {isa = PBXFileReference; fileEncoding = 4; lastKnownFileType = sourcecode.c.h; path = StitchViewController_iPad.h; sourceTree = "<group>"; };
		5789FA5B17A8589C00D08A6F /* StitchViewController_iPad.m */ = {isa = PBXFileReference; fileEncoding = 4; lastKnownFileType = sourcecode.c.objc; path = StitchViewController_iPad.m; sourceTree = "<group>"; };
		5789FA5C17A8589C00D08A6F /* StitchView_iPad.xib */ = {isa = PBXFileReference; fileEncoding = 4; lastKnownFileType = file.xib; path = StitchView_iPad.xib; sourceTree = "<group>"; };
		5789FA5F17A85A8E00D08A6F /* Background.jpg */ = {isa = PBXFileReference; lastKnownFileType = image.jpeg; path = Background.jpg; sourceTree = "<group>"; };
		5789FA6117A9B0B200D08A6F /* FeaturesViewController_iPad.h */ = {isa = PBXFileReference; fileEncoding = 4; lastKnownFileType = sourcecode.c.h; path = FeaturesViewController_iPad.h; sourceTree = "<group>"; };
		5789FA6217A9B0B200D08A6F /* FeaturesViewController_iPad.m */ = {isa = PBXFileReference; fileEncoding = 4; lastKnownFileType = sourcecode.c.objc; path = FeaturesViewController_iPad.m; sourceTree = "<group>"; };
		5789FA6317A9B0B200D08A6F /* FeaturesView_iPad.xib */ = {isa = PBXFileReference; fileEncoding = 4; lastKnownFileType = file.xib; path = FeaturesView_iPad.xib; sourceTree = "<group>"; };
		5789FA6617A9B0D300D08A6F /* MatchViewController_iPad.h */ = {isa = PBXFileReference; fileEncoding = 4; lastKnownFileType = sourcecode.c.h; path = MatchViewController_iPad.h; sourceTree = "<group>"; };
		5789FA6717A9B0D300D08A6F /* MatchViewController_iPad.m */ = {isa = PBXFileReference; fileEncoding = 4; lastKnownFileType = sourcecode.c.objc; path = MatchViewController_iPad.m; sourceTree = "<group>"; };
		5789FA6817A9B0D300D08A6F /* MatchView_iPad.xib */ = {isa = PBXFileReference; fileEncoding = 4; lastKnownFileType = file.xib; path = MatchView_iPad.xib; sourceTree = "<group>"; };
		5789FA6B17A9B3B700D08A6F /* MainView.xib */ = {isa = PBXFileReference; fileEncoding = 4; lastKnownFileType = file.xib; path = MainView.xib; sourceTree = "<group>"; };
		57CC59EC1787E3400033B048 /* Keypoint.h */ = {isa = PBXFileReference; fileEncoding = 4; lastKnownFileType = sourcecode.c.h; path = Keypoint.h; sourceTree = "<group>"; };
		57CC59ED1787E3400033B048 /* Keypoint.m */ = {isa = PBXFileReference; fileEncoding = 4; lastKnownFileType = sourcecode.c.objc; path = Keypoint.m; sourceTree = "<group>"; };
		57CC9CF017AB7627005FA0CD /* SettingsViewController_iPad.h */ = {isa = PBXFileReference; fileEncoding = 4; lastKnownFileType = sourcecode.c.h; path = SettingsViewController_iPad.h; sourceTree = "<group>"; };
		57CC9CF117AB7627005FA0CD /* SettingsViewController_iPad.m */ = {isa = PBXFileReference; fileEncoding = 4; lastKnownFileType = sourcecode.c.objc; path = SettingsViewController_iPad.m; sourceTree = "<group>"; };
		57CC9CF217AB7627005FA0CD /* SettingsView_iPad.xib */ = {isa = PBXFileReference; fileEncoding = 4; lastKnownFileType = file.xib; path = SettingsView_iPad.xib; sourceTree = "<group>"; };
/* End PBXFileReference section */

/* Begin PBXFrameworksBuildPhase section */
		57770A431787D59A00A22147 /* Frameworks */ = {
			isa = PBXFrameworksBuildPhase;
			buildActionMask = 2147483647;
			files = (
				57770A4A1787D59A00A22147 /* UIKit.framework in Frameworks */,
				57770A4C1787D59A00A22147 /* Foundation.framework in Frameworks */,
				57770A4E1787D59A00A22147 /* CoreGraphics.framework in Frameworks */,
				573223DF17A35D9600671CAA /* QuartzCore.framework in Frameworks */,
			);
			runOnlyForDeploymentPostprocessing = 0;
		};
/* End PBXFrameworksBuildPhase section */

/* Begin PBXGroup section */
		570EEB9F1791293A006B4205 /* Match */ = {
			isa = PBXGroup;
			children = (
				570EEBA017912952006B4205 /* Match.h */,
				570EEBA117912952006B4205 /* Match.m */,
			);
			path = Match;
			sourceTree = "<group>";
		};
		573223E617A369D600671CAA /* Resources */ = {
			isa = PBXGroup;
			children = (
				570D05BB17AB330A005C69DB /* icon_settings.png */,
				57770A5B1787D59A00A22147 /* Default.png */,
				57770A5D1787D59A00A22147 /* Default@2x.png */,
				57770A5F1787D59A00A22147 /* Default-568h@2x.png */,
				5789FA5F17A85A8E00D08A6F /* Background.jpg */,
				573223E917A36B5500671CAA /* album.png */,
				573223E317A369CF00671CAA /* lena512color.png */,
			);
			name = Resources;
			sourceTree = "<group>";
		};
		575FCC0D17A4632F00747517 /* Maths */ = {
			isa = PBXGroup;
			children = (
				576ADD86178BB47300EB28CE /* Derivative.h */,
				576ADD87178BB47300EB28CE /* Derivative.m */,
				57226F77178A2A1300189CE5 /* FFT.h */,
				57226F78178A2A1300189CE5 /* FFT.m */,
				57226F7A178A312600189CE5 /* Complex.h */,
				57226F7B178A312600189CE5 /* Complex.m */,
				57226F7D178A5B6300189CE5 /* ComplexMatrix.h */,
				57226F7E178A5B6300189CE5 /* ComplexMatrix.m */,
				575FCC0E17A463AA00747517 /* GaussianElimination.h */,
				575FCC0F17A463AA00747517 /* GaussianElimination.m */,
			);
			path = Maths;
			sourceTree = "<group>";
		};
		575FCC1117A4653900747517 /* Stitching */ = {
			isa = PBXGroup;
			children = (
				5708335117A5D57A002478C1 /* coordinate.h */,
				5708335217A5D57A002478C1 /* coordinate.m */,
				5708335317A5D57A002478C1 /* CylindricalProjection.h */,
				5708335417A5D57A002478C1 /* CylindricalProjection.m */,
				5708335517A5D57A002478C1 /* Stitcher.h */,
				5708335617A5D57A002478C1 /* Stitcher.m */,
				5708335717A5D57A002478C1 /* UIImageConverter.h */,
				5708335817A5D57A002478C1 /* UIImageConverter.m */,
				5708335917A5D57A002478C1 /* UIImagePruner.h */,
				5708335A17A5D57A002478C1 /* UIImagePruner.m */,
				575FCC1217A46A5500747517 /* Homography.h */,
				575FCC1317A46A5500747517 /* Homography.m */,
				5708336017A5D68A002478C1 /* RANSAC.h */,
				5708336117A5D68A002478C1 /* RANSAC.m */,
			);
			path = Stitching;
			sourceTree = "<group>";
		};
		57770A3D1787D59A00A22147 = {
			isa = PBXGroup;
			children = (
				573223E717A36A2700671CAA /* lena512color.png */,
				57770A4F1787D59A00A22147 /* StitchMan */,
				57770A481787D59A00A22147 /* Frameworks */,
				57770A471787D59A00A22147 /* Products */,
			);
			sourceTree = "<group>";
		};
		57770A471787D59A00A22147 /* Products */ = {
			isa = PBXGroup;
			children = (
				57770A461787D59A00A22147 /* StitchMan.app */,
			);
			name = Products;
			sourceTree = "<group>";
		};
		57770A481787D59A00A22147 /* Frameworks */ = {
			isa = PBXGroup;
			children = (
				573223DD17A35D8600671CAA /* QuartzCore.framework */,
				57770A491787D59A00A22147 /* UIKit.framework */,
				57770A4B1787D59A00A22147 /* Foundation.framework */,
				57770A4D1787D59A00A22147 /* CoreGraphics.framework */,
			);
			name = Frameworks;
			sourceTree = "<group>";
		};
		57770A4F1787D59A00A22147 /* StitchMan */ = {
			isa = PBXGroup;
			children = (
				575FCC1117A4653900747517 /* Stitching */,
				575FCC0D17A4632F00747517 /* Maths */,
				570EEB9F1791293A006B4205 /* Match */,
				57770A6D1787D5B500A22147 /* SIFT */,
				5784A42D17A7302C00A6D36E /* iPhoneView */,
				5784A42717A72DC600A6D36E /* iPadView */,
				57770A501787D59A00A22147 /* Supporting Files */,
				573223E617A369D600671CAA /* Resources */,
			);
			path = StitchMan;
			sourceTree = "<group>";
		};
		57770A501787D59A00A22147 /* Supporting Files */ = {
			isa = PBXGroup;
			children = (
				57770A511787D59A00A22147 /* StitchMan-Info.plist */,
				57770A521787D59A00A22147 /* InfoPlist.strings */,
				57770A551787D59A00A22147 /* main.m */,
				57770A581787D59A00A22147 /* AppDelegate.h */,
				57770A591787D59A00A22147 /* AppDelegate.m */,
				57770A571787D59A00A22147 /* StitchMan-Prefix.pch */,
			);
			name = "Supporting Files";
			sourceTree = "<group>";
		};
		57770A6D1787D5B500A22147 /* SIFT */ = {
			isa = PBXGroup;
			children = (
				57770A991787D68D00A22147 /* ImageMatrix.h */,
				57770A9A1787D68D00A22147 /* ImageMatrix.m */,
				57770A9C1787D6A700A22147 /* ImageConverter.h */,
				57770A9D1787D6A700A22147 /* ImageConverter.m */,
				57770A9F1787D6BE00A22147 /* Pyramid.h */,
				57770AA01787D6BE00A22147 /* Pyramid.m */,
				57770AA21787D6D400A22147 /* Filter.h */,
				57770AA31787D6D400A22147 /* Filter.m */,
				57CC59EC1787E3400033B048 /* Keypoint.h */,
				57CC59ED1787E3400033B048 /* Keypoint.m */,
				572E042F1788D315001FAFCF /* KeypointVector.h */,
				572E04301788D315001FAFCF /* KeypointVector.m */,
				572E043217890ED7001FAFCF /* SIFT.h */,
				572E043317890ED7001FAFCF /* SIFT.m */,
			);
			path = SIFT;
			sourceTree = "<group>";
		};
		5784A42717A72DC600A6D36E /* iPadView */ = {
			isa = PBXGroup;
			children = (
				5784A42817A72E2200A6D36E /* ViewController_iPad.h */,
				5784A42917A72E2200A6D36E /* ViewController_iPad.m */,
				5789FA5A17A8589C00D08A6F /* StitchViewController_iPad.h */,
				5789FA5B17A8589C00D08A6F /* StitchViewController_iPad.m */,
				5789FA6117A9B0B200D08A6F /* FeaturesViewController_iPad.h */,
				5789FA6217A9B0B200D08A6F /* FeaturesViewController_iPad.m */,
				5789FA6617A9B0D300D08A6F /* MatchViewController_iPad.h */,
				5789FA6717A9B0D300D08A6F /* MatchViewController_iPad.m */,
				57CC9CF017AB7627005FA0CD /* SettingsViewController_iPad.h */,
				57CC9CF117AB7627005FA0CD /* SettingsViewController_iPad.m */,
				5784A42B17A72FB900A6D36E /* MainView_iPad.xib */,
				5789FA5C17A8589C00D08A6F /* StitchView_iPad.xib */,
				5789FA6317A9B0B200D08A6F /* FeaturesView_iPad.xib */,
				5789FA6817A9B0D300D08A6F /* MatchView_iPad.xib */,
				57CC9CF217AB7627005FA0CD /* SettingsView_iPad.xib */,
			);
			path = iPadView;
			sourceTree = "<group>";
		};
		5784A42D17A7302C00A6D36E /* iPhoneView */ = {
			isa = PBXGroup;
			children = (
				57770A611787D59A00A22147 /* ViewController.h */,
				57770A621787D59A00A22147 /* ViewController.m */,
				573223D117A33C0D00671CAA /* StitchViewController.h */,
				573223D217A33C0D00671CAA /* StitchViewController.m */,
				5789FA6B17A9B3B700D08A6F /* MainView.xib */,
				573223D617A33C6000671CAA /* StitchView.xib */,
			);
			path = iPhoneView;
			sourceTree = "<group>";
		};
/* End PBXGroup section */

/* Begin PBXNativeTarget section */
		57770A451787D59A00A22147 /* StitchMan */ = {
			isa = PBXNativeTarget;
			buildConfigurationList = 57770A691787D59A00A22147 /* Build configuration list for PBXNativeTarget "StitchMan" */;
			buildPhases = (
				57770A421787D59A00A22147 /* Sources */,
				57770A431787D59A00A22147 /* Frameworks */,
				57770A441787D59A00A22147 /* Resources */,
			);
			buildRules = (
			);
			dependencies = (
			);
			name = StitchMan;
			productName = StitchMan;
			productReference = 57770A461787D59A00A22147 /* StitchMan.app */;
			productType = "com.apple.product-type.application";
		};
/* End PBXNativeTarget section */

/* Begin PBXProject section */
		57770A3E1787D59A00A22147 /* Project object */ = {
			isa = PBXProject;
			attributes = {
				LastUpgradeCheck = 0460;
				ORGANIZATIONNAME = wjy;
			};
			buildConfigurationList = 57770A411787D59A00A22147 /* Build configuration list for PBXProject "StitchMan" */;
			compatibilityVersion = "Xcode 3.2";
			developmentRegion = English;
			hasScannedForEncodings = 0;
			knownRegions = (
				English,
				en,
			);
			mainGroup = 57770A3D1787D59A00A22147;
			productRefGroup = 57770A471787D59A00A22147 /* Products */;
			projectDirPath = "";
			projectRoot = "";
			targets = (
				57770A451787D59A00A22147 /* StitchMan */,
			);
		};
/* End PBXProject section */

/* Begin PBXResourcesBuildPhase section */
		57770A441787D59A00A22147 /* Resources */ = {
			isa = PBXResourcesBuildPhase;
			buildActionMask = 2147483647;
			files = (
				57770A541787D59A00A22147 /* InfoPlist.strings in Resources */,
				57770A5C1787D59A00A22147 /* Default.png in Resources */,
				57770A5E1787D59A00A22147 /* Default@2x.png in Resources */,
				57770A601787D59A00A22147 /* Default-568h@2x.png in Resources */,
				573223D717A33C6000671CAA /* StitchView.xib in Resources */,
				573223E817A36A2700671CAA /* lena512color.png in Resources */,
				573223EA17A36B5500671CAA /* album.png in Resources */,
				5784A42C17A72FB900A6D36E /* MainView_iPad.xib in Resources */,
				5789FA5E17A8589C00D08A6F /* StitchView_iPad.xib in Resources */,
				5789FA6017A85A8E00D08A6F /* Background.jpg in Resources */,
				5789FA6517A9B0B200D08A6F /* FeaturesView_iPad.xib in Resources */,
				5789FA6A17A9B0D300D08A6F /* MatchView_iPad.xib in Resources */,
				5789FA6C17A9B3B700D08A6F /* MainView.xib in Resources */,
				570D05BC17AB330A005C69DB /* icon_settings.png in Resources */,
				57CC9CF417AB7627005FA0CD /* SettingsView_iPad.xib in Resources */,
			);
			runOnlyForDeploymentPostprocessing = 0;
		};
/* End PBXResourcesBuildPhase section */

/* Begin PBXSourcesBuildPhase section */
		57770A421787D59A00A22147 /* Sources */ = {
			isa = PBXSourcesBuildPhase;
			buildActionMask = 2147483647;
			files = (
				57770A561787D59A00A22147 /* main.m in Sources */,
				57770A5A1787D59A00A22147 /* AppDelegate.m in Sources */,
				57770A631787D59A00A22147 /* ViewController.m in Sources */,
				57770A9B1787D68D00A22147 /* ImageMatrix.m in Sources */,
				57770A9E1787D6A700A22147 /* ImageConverter.m in Sources */,
				57770AA11787D6BE00A22147 /* Pyramid.m in Sources */,
				57770AA41787D6D400A22147 /* Filter.m in Sources */,
				57CC59EE1787E3400033B048 /* Keypoint.m in Sources */,
				572E04311788D315001FAFCF /* KeypointVector.m in Sources */,
				572E043417890ED7001FAFCF /* SIFT.m in Sources */,
				57226F79178A2A1300189CE5 /* FFT.m in Sources */,
				57226F7C178A312600189CE5 /* Complex.m in Sources */,
				57226F7F178A5B6300189CE5 /* ComplexMatrix.m in Sources */,
				576ADD88178BB47300EB28CE /* Derivative.m in Sources */,
				570EEBA217912952006B4205 /* Match.m in Sources */,
				573223D317A33C0D00671CAA /* StitchViewController.m in Sources */,
				575FCC1017A463AA00747517 /* GaussianElimination.m in Sources */,
				575FCC1417A46A5500747517 /* Homography.m in Sources */,
				5708335B17A5D57A002478C1 /* coordinate.m in Sources */,
				5708335C17A5D57A002478C1 /* CylindricalProjection.m in Sources */,
				5708335D17A5D57A002478C1 /* Stitcher.m in Sources */,
				5708335E17A5D57A002478C1 /* UIImageConverter.m in Sources */,
				5708335F17A5D57A002478C1 /* UIImagePruner.m in Sources */,
				5708336217A5D68A002478C1 /* RANSAC.m in Sources */,
				5784A42A17A72E2200A6D36E /* ViewController_iPad.m in Sources */,
				5789FA5D17A8589C00D08A6F /* StitchViewController_iPad.m in Sources */,
				5789FA6417A9B0B200D08A6F /* FeaturesViewController_iPad.m in Sources */,
				5789FA6917A9B0D300D08A6F /* MatchViewController_iPad.m in Sources */,
				57CC9CF317AB7627005FA0CD /* SettingsViewController_iPad.m in Sources */,
			);
			runOnlyForDeploymentPostprocessing = 0;
		};
/* End PBXSourcesBuildPhase section */

/* Begin PBXVariantGroup section */
		57770A521787D59A00A22147 /* InfoPlist.strings */ = {
			isa = PBXVariantGroup;
			children = (
				57770A531787D59A00A22147 /* en */,
			);
			name = InfoPlist.strings;
			sourceTree = "<group>";
		};
/* End PBXVariantGroup section */

/* Begin XCBuildConfiguration section */
		57770A671787D59A00A22147 /* Debug */ = {
			isa = XCBuildConfiguration;
			buildSettings = {
				ALWAYS_SEARCH_USER_PATHS = NO;
				CLANG_CXX_LANGUAGE_STANDARD = "gnu++0x";
				CLANG_CXX_LIBRARY = "libc++";
				CLANG_ENABLE_OBJC_ARC = YES;
				CLANG_WARN_CONSTANT_CONVERSION = YES;
				CLANG_WARN_EMPTY_BODY = YES;
				CLANG_WARN_ENUM_CONVERSION = YES;
				CLANG_WARN_INT_CONVERSION = YES;
				CLANG_WARN__DUPLICATE_METHOD_MATCH = YES;
				"CODE_SIGN_IDENTITY[sdk=iphoneos*]" = "iPhone Developer";
				COPY_PHASE_STRIP = NO;
				GCC_C_LANGUAGE_STANDARD = gnu99;
				GCC_DYNAMIC_NO_PIC = NO;
				GCC_OPTIMIZATION_LEVEL = 0;
				GCC_PREPROCESSOR_DEFINITIONS = (
					"DEBUG=1",
					"$(inherited)",
				);
				GCC_SYMBOLS_PRIVATE_EXTERN = NO;
				GCC_WARN_ABOUT_RETURN_TYPE = YES;
				GCC_WARN_UNINITIALIZED_AUTOS = YES;
				GCC_WARN_UNUSED_VARIABLE = YES;
				IPHONEOS_DEPLOYMENT_TARGET = 6.1;
				ONLY_ACTIVE_ARCH = YES;
				SDKROOT = iphoneos;
			};
			name = Debug;
		};
		57770A681787D59A00A22147 /* Release */ = {
			isa = XCBuildConfiguration;
			buildSettings = {
				ALWAYS_SEARCH_USER_PATHS = NO;
				CLANG_CXX_LANGUAGE_STANDARD = "gnu++0x";
				CLANG_CXX_LIBRARY = "libc++";
				CLANG_ENABLE_OBJC_ARC = YES;
				CLANG_WARN_CONSTANT_CONVERSION = YES;
				CLANG_WARN_EMPTY_BODY = YES;
				CLANG_WARN_ENUM_CONVERSION = YES;
				CLANG_WARN_INT_CONVERSION = YES;
				CLANG_WARN__DUPLICATE_METHOD_MATCH = YES;
				"CODE_SIGN_IDENTITY[sdk=iphoneos*]" = "iPhone Developer";
				COPY_PHASE_STRIP = YES;
				GCC_C_LANGUAGE_STANDARD = gnu99;
				GCC_WARN_ABOUT_RETURN_TYPE = YES;
				GCC_WARN_UNINITIALIZED_AUTOS = YES;
				GCC_WARN_UNUSED_VARIABLE = YES;
				IPHONEOS_DEPLOYMENT_TARGET = 6.1;
				OTHER_CFLAGS = "-DNS_BLOCK_ASSERTIONS=1";
				SDKROOT = iphoneos;
				VALIDATE_PRODUCT = YES;
			};
			name = Release;
		};
		57770A6A1787D59A00A22147 /* Debug */ = {
			isa = XCBuildConfiguration;
			buildSettings = {
				GCC_PRECOMPILE_PREFIX_HEADER = YES;
				GCC_PREFIX_HEADER = "StitchMan/StitchMan-Prefix.pch";
				INFOPLIST_FILE = "StitchMan/StitchMan-Info.plist";
				IPHONEOS_DEPLOYMENT_TARGET = 8.4;
				PRODUCT_NAME = "$(TARGET_NAME)";
				TARGETED_DEVICE_FAMILY = "1,2";
				WRAPPER_EXTENSION = app;
			};
			name = Debug;
		};
		57770A6B1787D59A00A22147 /* Release */ = {
			isa = XCBuildConfiguration;
			buildSettings = {
				GCC_PRECOMPILE_PREFIX_HEADER = YES;
				GCC_PREFIX_HEADER = "StitchMan/StitchMan-Prefix.pch";
				INFOPLIST_FILE = "StitchMan/StitchMan-Info.plist";
				IPHONEOS_DEPLOYMENT_TARGET = 8.4;
				PRODUCT_NAME = "$(TARGET_NAME)";
				TARGETED_DEVICE_FAMILY = "1,2";
				WRAPPER_EXTENSION = app;
			};
			name = Release;
		};
/* End XCBuildConfiguration section */

/* Begin XCConfigurationList section */
		57770A411787D59A00A22147 /* Build configuration list for PBXProject "StitchMan" */ = {
			isa = XCConfigurationList;
			buildConfigurations = (
				57770A671787D59A00A22147 /* Debug */,
				57770A681787D59A00A22147 /* Release */,
			);
			defaultConfigurationIsVisible = 0;
			defaultConfigurationName = Release;
		};
		57770A691787D59A00A22147 /* Build configuration list for PBXNativeTarget "StitchMan" */ = {
			isa = XCConfigurationList;
			buildConfigurations = (
				57770A6A1787D59A00A22147 /* Debug */,
				57770A6B1787D59A00A22147 /* Release */,
			);
			defaultConfigurationIsVisible = 0;
			defaultConfigurationName = Release;
		};
/* End XCConfigurationList section */
	};
	rootObject = 57770A3E1787D59A00A22147 /* Project object */;
}
